# platform: osx-64
# env_hash: a7ab8cf92b54d4eff88a16cb270daed638e43381ad63e52e9b4e352368dab64d
@EXPLICIT
https://conda.anaconda.org/conda-forge/osx-64/c-ares-1.17.2-h0d85af4_0.tar.bz2#133e6624e8c549a83f5350847d3e0a43
https://conda.anaconda.org/conda-forge/osx-64/ca-certificates-2021.5.30-h033912b_0.tar.bz2#2377a0c58b5ffe92d70b7bdcd833e8ff
https://conda.anaconda.org/conda-forge/osx-64/libcxx-12.0.1-habf9029_0.tar.bz2#49c188a7f9c7c9ddabafc80cc5625bb7
https://conda.anaconda.org/conda-forge/osx-64/libsodium-1.0.18-hbcb3906_1.tar.bz2#24632c09ed931af617fe6d5292919cab
https://conda.anaconda.org/conda-forge/osx-64/llvm-openmp-12.0.1-hda6cdc1_1.tar.bz2#35b1fd6ed9f0f1c68583dc9c9f672513
https://conda.anaconda.org/conda-forge/osx-64/ncurses-6.2-h2e338ed_4.tar.bz2#9cef1910395d1543527583e73dba30f1
https://conda.anaconda.org/conda-forge/noarch/tzdata-2021a-he74cb21_1.tar.bz2#cc5690eb258c3706f754306f191da8d8
https://conda.anaconda.org/conda-forge/osx-64/xz-5.2.5-haf1e3a3_1.tar.bz2#41116deb499e9bc58048c297d6403ce6
https://conda.anaconda.org/conda-forge/osx-64/yaml-0.2.5-haf1e3a3_0.tar.bz2#84c2fc186995c25a43e86ed708065572
https://conda.anaconda.org/conda-forge/osx-64/zlib-1.2.11-h7795811_1010.tar.bz2#7d39e47e16ed0107f37c7224d5b5be8b
https://conda.anaconda.org/conda-forge/osx-64/libffi-3.3-h046ec9c_2.tar.bz2#c7a196accaf92d40985d5c9b4d14f9cb
https://conda.anaconda.org/conda-forge/osx-64/libgfortran5-9.3.0-h6c81a4c_23.tar.bz2#a6956ceb628b14594613cefee5127a7a
https://conda.anaconda.org/conda-forge/osx-64/libprotobuf-3.17.2-hcf210ce_1.tar.bz2#5da3cfd776f0f9884b15afd8583d46fd
https://conda.anaconda.org/conda-forge/osx-64/openssl-1.1.1k-h0d85af4_0.tar.bz2#f9582eb16f4e3bc7932995e122f30a74
https://conda.anaconda.org/conda-forge/osx-64/readline-8.1-h05e3726_0.tar.bz2#2832e9b6a7caa7cb192fcda6cfcd8871
https://conda.anaconda.org/conda-forge/osx-64/tk-8.6.10-h0419947_1.tar.bz2#9a79a432473acddd936ff8bab8b86145
https://conda.anaconda.org/conda-forge/osx-64/zeromq-4.3.4-h1c7c35f_0.tar.bz2#2af55e3523e9210b2b2dff5855fb5382
https://conda.anaconda.org/conda-forge/osx-64/libgfortran-5.0.0-9_3_0_h6c81a4c_23.tar.bz2#60f48cef2d50674e0428c5579b6c3f66
https://conda.anaconda.org/conda-forge/osx-64/sqlite-3.36.0-h23a322b_0.tar.bz2#6b6f868ab26da23c5a9b518799de901a
https://conda.anaconda.org/conda-forge/osx-64/libopenblas-0.3.17-openmp_h3351f45_1.tar.bz2#7bcb478878af05fa60697e809d7827aa
https://conda.anaconda.org/conda-forge/osx-64/python-3.9.6-hd187cdc_1_cpython.tar.bz2#886248054c0b072f06a689f952389548
https://conda.anaconda.org/conda-forge/noarch/appdirs-1.4.4-pyh9f0ad1d_0.tar.bz2#5f095bc6454094e96f146491fd03633b
https://conda.anaconda.org/conda-forge/noarch/async-timeout-3.0.1-py_1000.tar.bz2#8b11024b2762a07aaa07d2743231a41b
https://conda.anaconda.org/conda-forge/noarch/attrs-21.2.0-pyhd8ed1ab_0.tar.bz2#d2e1c7f388ac403df7079b411c37cc50
https://conda.anaconda.org/conda-forge/noarch/backcall-0.2.0-pyh9f0ad1d_0.tar.bz2#6006a6d08a3fa99268a2681c7fb55213
https://conda.anaconda.org/conda-forge/noarch/backports-1.0-py_2.tar.bz2#0da16b293affa6ac31812376f8eb79dd
https://conda.anaconda.org/conda-forge/noarch/cachetools-4.2.2-pyhd8ed1ab_0.tar.bz2#26fd593682debe36bcaa720763015d75
https://conda.anaconda.org/conda-forge/noarch/charset-normalizer-2.0.0-pyhd8ed1ab_0.tar.bz2#4a57e24d5b759893615c05926b7b5fb9
https://conda.anaconda.org/conda-forge/noarch/click-7.1.2-pyh9f0ad1d_0.tar.bz2#bd50a970ce07e660c319fdc4d730d3f1
https://conda.anaconda.org/conda-forge/noarch/colorama-0.4.4-pyh9f0ad1d_0.tar.bz2#c08b4c1326b880ed44f3ffb04803332f
https://conda.anaconda.org/conda-forge/noarch/dataclasses-0.8-pyhc8e2a94_3.tar.bz2#a362b2124b06aad102e2ee4581acee7d
https://conda.anaconda.org/conda-forge/noarch/decorator-5.0.9-pyhd8ed1ab_0.tar.bz2#0ae9cca42e37b5ce6267c2a2b1383546
https://conda.anaconda.org/conda-forge/noarch/filelock-3.0.12-pyh9f0ad1d_0.tar.bz2#7544ed05bbbe9bb687bc9bcbe4d6cb46
https://conda.anaconda.org/conda-forge/noarch/idna-3.1-pyhd3deb0d_0.tar.bz2#9c9aea4b8391264477df484f798562d0
https://conda.anaconda.org/conda-forge/noarch/ipython_genutils-0.2.0-py_1.tar.bz2#5071c982548b3a20caf70462f04f5287
https://conda.anaconda.org/conda-forge/osx-64/libblas-3.9.0-11_osx64_openblas.tar.bz2#2f9b6da86f6018deedf855ccb04893a5
https://conda.anaconda.org/conda-forge/noarch/parso-0.8.2-pyhd8ed1ab_0.tar.bz2#fb40b157bd62b457a1cc82527b63f0b0
https://conda.anaconda.org/conda-forge/noarch/pickleshare-0.7.5-py_1003.tar.bz2#415f0ebb6198cc2801c73438a9fb5761
https://conda.anaconda.org/conda-forge/noarch/ptyprocess-0.7.0-pyhd3deb0d_0.tar.bz2#359eeb6536da0e687af562ed265ec263
https://conda.anaconda.org/conda-forge/noarch/pyasn1-0.4.8-py_0.tar.bz2#06d04c9f8f72ac77911db942eda24fb9
https://conda.anaconda.org/conda-forge/noarch/pycparser-2.20-pyh9f0ad1d_2.tar.bz2#aa798d50ffd182a0f6f31478c7f434f6
https://conda.anaconda.org/conda-forge/noarch/pyparsing-2.4.7-pyh9f0ad1d_0.tar.bz2#626c4f20d5bf06dcec9cf2eaa31725c7
https://conda.anaconda.org/conda-forge/osx-64/python_abi-3.9-2_cp39.tar.bz2#262f557ee8ca777fe2190956038024cd
https://conda.anaconda.org/conda-forge/noarch/pytz-2021.1-pyhd8ed1ab_0.tar.bz2#3af2e9424d5eb0063824a3f9b850d411
https://conda.anaconda.org/conda-forge/noarch/shellingham-1.4.0-pyh44b312d_0.tar.bz2#437655338696f9d0dfdb0a024e66b255
https://conda.anaconda.org/conda-forge/noarch/six-1.16.0-pyh6c4a22f_0.tar.bz2#e5f25f8dbc060e9a8d912e432202afc2
https://conda.anaconda.org/conda-forge/noarch/smart_open-5.1.0-pyhd8ed1ab_1.tar.bz2#05361238acb497a00049d75396fbdbe0
https://conda.anaconda.org/conda-forge/noarch/spacy-legacy-3.0.8-pyhd8ed1ab_0.tar.bz2#9d4bf07a6a57df1dbf95572b0e4c067a
https://conda.anaconda.org/conda-forge/noarch/toml-0.10.2-pyhd8ed1ab_0.tar.bz2#f832c45a477c78bebd107098db465095
https://conda.anaconda.org/conda-forge/noarch/typing_extensions-3.10.0.0-pyha770c72_0.tar.bz2#67c0cba6533b641f28946d7c16f361c8
https://conda.anaconda.org/conda-forge/noarch/wasabi-0.8.2-pyh44b312d_0.tar.bz2#70b01e0d5113aaab73575891538b1664
https://conda.anaconda.org/conda-forge/osx-64/appnope-0.1.2-py39h6e9494a_1.tar.bz2#d9b6464e55c4d9a7757c6294b8673400
https://conda.anaconda.org/conda-forge/osx-64/catalogue-2.0.4-py39h6e9494a_0.tar.bz2#dc5a164fdff7f5b4060adca474c87a72
https://conda.anaconda.org/conda-forge/osx-64/certifi-2021.5.30-py39h6e9494a_0.tar.bz2#f5946ac7fd793702380bfcb90a353a0f
https://conda.anaconda.org/conda-forge/osx-64/cffi-1.14.6-py39hb71fe58_0.tar.bz2#95812f42e02f34b69fef112a6111058e
https://conda.anaconda.org/conda-forge/osx-64/chardet-4.0.0-py39h6e9494a_1.tar.bz2#f514d534fca0f9876720954703250c88
https://conda.anaconda.org/conda-forge/noarch/click-default-group-1.2.2-pyhd8ed1ab_1.tar.bz2#72a46ffc25701c173932fd55cf0965d3
https://conda.anaconda.org/conda-forge/osx-64/cymem-2.0.5-py39h9fcab8e_2.tar.bz2#03b97c52d7b15d556e9bdc830523f31a
https://conda.anaconda.org/conda-forge/osx-64/debugpy-1.4.1-py39h9fcab8e_0.tar.bz2#9493313c359d78a3d7c82697c4f5916b
https://conda.anaconda.org/conda-forge/osx-64/jedi-0.18.0-py39h6e9494a_2.tar.bz2#e744e49642242ea6ab59b56d11df9466
https://conda.anaconda.org/conda-forge/osx-64/libcblas-3.9.0-11_osx64_openblas.tar.bz2#c0378dd75e109b7a0b622e8d2a151dea
https://conda.anaconda.org/conda-forge/osx-64/liblapack-3.9.0-11_osx64_openblas.tar.bz2#6b296c0d990d973f20abb79078de9812
https://conda.anaconda.org/conda-forge/osx-64/markupsafe-2.0.1-py39h89e85a6_0.tar.bz2#573ebdf373782a914d363f58da4edf20
https://conda.anaconda.org/conda-forge/osx-64/multidict-5.1.0-py39h89e85a6_1.tar.bz2#a8c30b0328ffc7be6c8d076bff433b97
https://conda.anaconda.org/conda-forge/osx-64/murmurhash-1.0.5-py39h9fcab8e_0.tar.bz2#23fce16a05c4fd12ff8fbbe5f0b07ffa
https://conda.anaconda.org/conda-forge/noarch/packaging-21.0-pyhd8ed1ab_0.tar.bz2#45cfb8e482b5cce8f07c87e0e19a592c
https://conda.anaconda.org/conda-forge/noarch/pexpect-4.8.0-pyh9f0ad1d_2.tar.bz2#5909e7b978141dd80d28dbf9de627827
https://conda.anaconda.org/conda-forge/noarch/pyasn1-modules-0.2.7-py_0.tar.bz2#ad1e886d09700b2304975335f714bd9c
https://conda.anaconda.org/conda-forge/osx-64/pysocks-1.7.1-py39h6e9494a_3.tar.bz2#9badaee0fe9f61aa4794987f88e543fe
https://conda.anaconda.org/conda-forge/noarch/python-dateutil-2.8.2-pyhd8ed1ab_0.tar.bz2#dd999d1cc9f79e67dbb855c8924c7984
https://conda.anaconda.org/conda-forge/noarch/python-dotenv-0.19.0-pyhd8ed1ab_0.tar.bz2#ba00a6cc854b8d634c91bbc28c22dfb5
https://conda.anaconda.org/conda-forge/noarch/pyu2f-0.1.5-pyhd8ed1ab_0.tar.bz2#caabbeaa83928d0c3e3949261daa18eb
https://conda.anaconda.org/conda-forge/osx-64/pyyaml-5.4.1-py39hcbf5805_0.tar.bz2#16125bf06cd4bb0749f109f1451d7ed4
https://conda.anaconda.org/conda-forge/osx-64/pyzmq-22.2.1-py39h7fec2f1_0.tar.bz2#a2b865808c11e4f73f8342741bd41888
https://conda.anaconda.org/conda-forge/noarch/rsa-4.7.2-pyh44b312d_0.tar.bz2#3452ab3790dbb1df9508b3fa4ea2f806
https://conda.anaconda.org/conda-forge/osx-64/tornado-6.1-py39h89e85a6_1.tar.bz2#1850c930b8e1e47f50d287c86c53e714
https://conda.anaconda.org/conda-forge/noarch/tqdm-4.62.1-pyhd8ed1ab_0.tar.bz2#3f3c56178e558bb499f454274e125ee4
https://conda.anaconda.org/conda-forge/noarch/traitlets-5.0.5-py_0.tar.bz2#99618ee9ab1323e40f231acdab92fe60
https://conda.anaconda.org/conda-forge/noarch/typer-0.3.2-pyhd8ed1ab_0.tar.bz2#2a8bd95028ef27c7940c6c790b600e7e
https://conda.anaconda.org/conda-forge/noarch/typing-extensions-3.10.0.0-hd8ed1ab_0.tar.bz2#b71b8a980a36234ebbbd6b43da5807d0
https://conda.anaconda.org/conda-forge/osx-64/brotlipy-0.7.0-py39h89e85a6_1001.tar.bz2#5d6ca17baad072799574678334840c4d
https://conda.anaconda.org/conda-forge/osx-64/cryptography-3.4.7-py39ha2c9959_0.tar.bz2#2c4542d3abca07b2b7263e15c85917db
https://conda.anaconda.org/conda-forge/noarch/jinja2-3.0.1-pyhd8ed1ab_0.tar.bz2#c647e77921fd3e245cdcc5b2d451a0f8
https://conda.anaconda.org/conda-forge/osx-64/jupyter_core-4.7.1-py39h6e9494a_0.tar.bz2#a8ffa3668c29198baa6a6d42cce93f81
https://conda.anaconda.org/conda-forge/noarch/matplotlib-inline-0.1.2-pyhd8ed1ab_2.tar.bz2#0967e1db58b16e416464ca399f87df79
https://conda.anaconda.org/conda-forge/osx-64/numpy-1.21.1-py39h7eed0ac_0.tar.bz2#046a445ce745375f440a53e4924149ab
https://conda.anaconda.org/conda-forge/noarch/pathy-0.6.0-pyhd8ed1ab_0.tar.bz2#9aad6a762d899c12f35eadde668d2211
https://conda.anaconda.org/conda-forge/osx-64/preshed-3.0.5-py39h9fcab8e_1.tar.bz2#7af7283a24d560a2f81bbe8170c3c9b2
https://conda.anaconda.org/conda-forge/osx-64/pydantic-1.8.2-py39h89e85a6_0.tar.bz2#10afccaf4f9cbcf66f7a3236e463ff7a
https://conda.anaconda.org/conda-forge/osx-64/setuptools-49.6.0-py39h6e9494a_3.tar.bz2#f4f757b28d82aae4f8c7f5aac5c9e477
https://conda.anaconda.org/conda-forge/osx-64/srsly-2.4.1-py39h9fcab8e_0.tar.bz2#6644626caa3bdecf6d274f5aeaa8a3e8
https://conda.anaconda.org/conda-forge/osx-64/yarl-1.6.3-py39h89e85a6_2.tar.bz2#ec96cf4a57c7a638512458de8932875d
https://conda.anaconda.org/conda-forge/osx-64/aiohttp-3.7.4.post0-py39h89e85a6_0.tar.bz2#3b90462fab853ff2bdfc6cf9a3fabf4c
https://conda.anaconda.org/conda-forge/noarch/backports.functools_lru_cache-1.6.4-pyhd8ed1ab_0.tar.bz2#c5b3edc62d6309088f4970b3eaaa65a6
https://conda.anaconda.org/conda-forge/osx-64/cython-blis-0.7.4-py39h329c335_0.tar.bz2#01968f73458cac7a609dc8f1e1599bfa
https://conda.anaconda.org/conda-forge/osx-64/grpcio-1.38.1-py39hb974310_0.tar.bz2#0df1e2060f49a7f910bb4b515fc0cd78
https://conda.anaconda.org/conda-forge/noarch/jupyter_client-6.1.12-pyhd8ed1ab_0.tar.bz2#f58b38ddb9f94fa3cafea4ba2b17f93b
https://conda.anaconda.org/conda-forge/osx-64/pandas-1.3.1-py39h4d6be9b_0.tar.bz2#825ee9a509302e3c5bfd000ffa25c500
https://conda.anaconda.org/conda-forge/osx-64/protobuf-3.17.2-py39h9fcab8e_0.tar.bz2#317817034167c00b2703398af992ac7c
https://conda.anaconda.org/conda-forge/noarch/pygments-2.9.0-pyhd8ed1ab_0.tar.bz2#a2d9bba43c9b80a42b0ccb9afd7223c2
https://conda.anaconda.org/conda-forge/noarch/pyopenssl-20.0.1-pyhd8ed1ab_0.tar.bz2#92371c25994d0f5d28a01c1fb75ebf86
https://conda.anaconda.org/conda-forge/noarch/google-auth-1.34.0-pyh6c4a22f_0.tar.bz2#aa75213a08b4c8a02d1c2ff34d3c450e
https://conda.anaconda.org/conda-forge/osx-64/googleapis-common-protos-1.53.0-py39h6e9494a_0.tar.bz2#f42a2352c0c43f7668896bd0c8d1d074
https://conda.anaconda.org/conda-forge/osx-64/thinc-8.0.8-py39ha1f3e3e_0.tar.bz2#eef9213b34e2992242dc04459fa46c09
https://conda.anaconda.org/conda-forge/noarch/urllib3-1.26.6-pyhd8ed1ab_0.tar.bz2#dea5b6d93cfbfbc2a253168ad05b3f89
https://conda.anaconda.org/conda-forge/noarch/wcwidth-0.2.5-pyh9f0ad1d_2.tar.bz2#5266fcd697043c59621fda522b3d78ee
https://conda.anaconda.org/conda-forge/noarch/prompt-toolkit-3.0.19-pyha770c72_0.tar.bz2#d6db5e598611b7e81a3d38498174e6e8
https://conda.anaconda.org/conda-forge/noarch/requests-2.26.0-pyhd8ed1ab_0.tar.bz2#0ed2ccbde6db9dd5789068eb7194463f
https://conda.anaconda.org/conda-forge/noarch/ensureconda-1.4.1-pyhd8ed1ab_0.tar.bz2#52a7f7cc9076e2c8a25e15e19ad42821
https://conda.anaconda.org/conda-forge/noarch/google-api-core-1.31.1-pyhd8ed1ab_0.tar.bz2#e393ad7f7ceeaf3d21cf513394fc6e83
https://conda.anaconda.org/conda-forge/osx-64/ipython-7.26.0-py39h71a6800_0.tar.bz2#d128d243eaaabc4779966ef5dc7e6b17
https://conda.anaconda.org/conda-forge/osx-64/spacy-3.1.1-py39ha1f3e3e_0.tar.bz2#c8444211f6aeabf30a0ab149833cdad9
https://conda.anaconda.org/conda-forge/noarch/conda-lock-0.11.1-pyhd8ed1ab_0.tar.bz2#5588b5d7e5ed39305bb484ec12801aed
https://conda.anaconda.org/conda-forge/noarch/google-api-core-grpc-1.31.1-hd8ed1ab_0.tar.bz2#f3992b188de6c28680355a451e5aab3a
https://conda.anaconda.org/conda-forge/noarch/google-cloud-core-1.7.2-pyh6c4a22f_0.tar.bz2#97a1d5a5ad03a43f3441b532184dfdc5
https://conda.anaconda.org/conda-forge/osx-64/ipykernel-6.1.0-py39h71a6800_0.tar.bz2#6a7f1dbc04f787f3aaf827e662bf431a
https://conda.anaconda.org/conda-forge/osx-64/google-cloud-translate-2.0.1-py39h6e9494a_1.tar.bz2#ce458b0fdf554fee90c41bfc758ce5c9
