# Generated by conda-lock.
# platform: win-64
# env_hash: 6c5de0c54271c7234fc6f04155ac74fd6d29ccadce30825ea6b54f3f34954a81
@EXPLICIT
https://conda.anaconda.org/conda-forge/win-64/ca-certificates-2021.5.30-h5b45459_0.tar.bz2#cfb6380d41af681ad323403f02755a15
https://conda.anaconda.org/conda-forge/win-64/intel-openmp-2021.3.0-h57928b3_3372.tar.bz2#ed1a9bef95e027ee26362fcc250a1851
https://conda.anaconda.org/conda-forge/noarch/tzdata-2021a-he74cb21_1.tar.bz2#cc5690eb258c3706f754306f191da8d8
https://conda.anaconda.org/conda-forge/win-64/ucrt-10.0.20348.0-h57928b3_0.tar.bz2#6d666b6ea8251231ff508062d1e41f9c
https://conda.anaconda.org/conda-forge/win-64/vs2015_runtime-14.29.30037-h902a5da_5.tar.bz2#9d806b41066c34981a5da22bfeffd8e8
https://conda.anaconda.org/conda-forge/win-64/vc-14.2-hb210afc_5.tar.bz2#ee42529d57c3b455d9fec61e912aa2a6
https://conda.anaconda.org/conda-forge/win-64/libsodium-1.0.18-h8d14728_1.tar.bz2#5c1fb45b5e2912c19098750ae8a32604
https://conda.anaconda.org/conda-forge/win-64/openssl-1.1.1k-h8ffe710_0.tar.bz2#e94dbe6f21cc34fa9cc3cf26cd42466a
https://conda.anaconda.org/conda-forge/win-64/sqlite-3.36.0-h8ffe710_0.tar.bz2#b7e2a74bafb1c94b0ea7195ef2149f8e
https://conda.anaconda.org/conda-forge/win-64/tbb-2021.3.0-h2d74725_0.tar.bz2#04b06887633911cf5824bb6b22473b7f
https://conda.anaconda.org/conda-forge/win-64/yaml-0.2.5-he774522_0.tar.bz2#d41c34441d8bbb6d141e691ae7bccf35
https://conda.anaconda.org/conda-forge/win-64/zlib-1.2.11-h62dcd97_1010.tar.bz2#a4cdf389c5f73e60a0ca121ff77c22a9
https://conda.anaconda.org/conda-forge/win-64/libprotobuf-3.17.2-h7755175_1.tar.bz2#37634c48629ae551b55acc4ccb11477e
https://conda.anaconda.org/conda-forge/win-64/mkl-2021.3.0-hb70f87d_564.tar.bz2#5055b38cb975f7b4bd733dd9041c5391
https://conda.anaconda.org/conda-forge/win-64/python-3.9.6-h7840368_1_cpython.tar.bz2#d496fe9f3d042b7c05396895757fb6c6
https://conda.anaconda.org/conda-forge/win-64/zeromq-4.3.4-h0e60522_0.tar.bz2#e9004ac5d24937850e9edff978c7e515
https://conda.anaconda.org/conda-forge/noarch/appdirs-1.4.4-pyh9f0ad1d_0.tar.bz2#5f095bc6454094e96f146491fd03633b
https://conda.anaconda.org/conda-forge/noarch/async-timeout-3.0.1-py_1000.tar.bz2#8b11024b2762a07aaa07d2743231a41b
https://conda.anaconda.org/conda-forge/noarch/attrs-21.2.0-pyhd8ed1ab_0.tar.bz2#d2e1c7f388ac403df7079b411c37cc50
https://conda.anaconda.org/conda-forge/noarch/backcall-0.2.0-pyh9f0ad1d_0.tar.bz2#6006a6d08a3fa99268a2681c7fb55213
https://conda.anaconda.org/conda-forge/noarch/backports-1.0-py_2.tar.bz2#0da16b293affa6ac31812376f8eb79dd
https://conda.anaconda.org/conda-forge/noarch/cachetools-4.2.2-pyhd8ed1ab_0.tar.bz2#26fd593682debe36bcaa720763015d75
https://conda.anaconda.org/conda-forge/noarch/charset-normalizer-2.0.0-pyhd8ed1ab_0.tar.bz2#4a57e24d5b759893615c05926b7b5fb9
https://conda.anaconda.org/conda-forge/noarch/click-7.1.2-pyh9f0ad1d_0.tar.bz2#bd50a970ce07e660c319fdc4d730d3f1
https://conda.anaconda.org/conda-forge/noarch/colorama-0.4.4-pyh9f0ad1d_0.tar.bz2#c08b4c1326b880ed44f3ffb04803332f
https://conda.anaconda.org/conda-forge/noarch/dataclasses-0.8-pyhc8e2a94_3.tar.bz2#a362b2124b06aad102e2ee4581acee7d
https://conda.anaconda.org/conda-forge/noarch/decorator-5.0.9-pyhd8ed1ab_0.tar.bz2#0ae9cca42e37b5ce6267c2a2b1383546
https://conda.anaconda.org/conda-forge/noarch/filelock-3.0.12-pyh9f0ad1d_0.tar.bz2#7544ed05bbbe9bb687bc9bcbe4d6cb46
https://conda.anaconda.org/conda-forge/noarch/idna-3.1-pyhd3deb0d_0.tar.bz2#9c9aea4b8391264477df484f798562d0
https://conda.anaconda.org/conda-forge/noarch/ipython_genutils-0.2.0-py_1.tar.bz2#5071c982548b3a20caf70462f04f5287
https://conda.anaconda.org/conda-forge/win-64/libblas-3.9.0-11_win64_mkl.tar.bz2#3ed1aff3364583b8b71e53d97a2b957b
https://conda.anaconda.org/conda-forge/noarch/parso-0.8.2-pyhd8ed1ab_0.tar.bz2#fb40b157bd62b457a1cc82527b63f0b0
https://conda.anaconda.org/conda-forge/noarch/pickleshare-0.7.5-py_1003.tar.bz2#415f0ebb6198cc2801c73438a9fb5761
https://conda.anaconda.org/conda-forge/noarch/pyasn1-0.4.8-py_0.tar.bz2#06d04c9f8f72ac77911db942eda24fb9
https://conda.anaconda.org/conda-forge/noarch/pycparser-2.20-pyh9f0ad1d_2.tar.bz2#aa798d50ffd182a0f6f31478c7f434f6
https://conda.anaconda.org/conda-forge/noarch/pyparsing-2.4.7-pyh9f0ad1d_0.tar.bz2#626c4f20d5bf06dcec9cf2eaa31725c7
https://conda.anaconda.org/conda-forge/win-64/python_abi-3.9-2_cp39.tar.bz2#757068981fb2f97d0cadbba9ae6ae191
https://conda.anaconda.org/conda-forge/noarch/pytz-2021.1-pyhd8ed1ab_0.tar.bz2#3af2e9424d5eb0063824a3f9b850d411
https://conda.anaconda.org/conda-forge/noarch/shellingham-1.4.0-pyh44b312d_0.tar.bz2#437655338696f9d0dfdb0a024e66b255
https://conda.anaconda.org/conda-forge/noarch/six-1.16.0-pyh6c4a22f_0.tar.bz2#e5f25f8dbc060e9a8d912e432202afc2
https://conda.anaconda.org/conda-forge/noarch/smart_open-5.1.0-pyhd8ed1ab_1.tar.bz2#05361238acb497a00049d75396fbdbe0
https://conda.anaconda.org/conda-forge/noarch/spacy-legacy-3.0.8-pyhd8ed1ab_0.tar.bz2#9d4bf07a6a57df1dbf95572b0e4c067a
https://conda.anaconda.org/conda-forge/noarch/toml-0.10.2-pyhd8ed1ab_0.tar.bz2#f832c45a477c78bebd107098db465095
https://conda.anaconda.org/conda-forge/noarch/typing_extensions-3.10.0.0-pyha770c72_0.tar.bz2#67c0cba6533b641f28946d7c16f361c8
https://conda.anaconda.org/conda-forge/noarch/wasabi-0.8.2-pyh44b312d_0.tar.bz2#70b01e0d5113aaab73575891538b1664
https://conda.anaconda.org/conda-forge/noarch/wheel-0.37.0-pyhd8ed1ab_1.tar.bz2#3aa2c3e25dd361b453d010388b9cdff1
https://conda.anaconda.org/conda-forge/win-64/catalogue-2.0.4-py39hcbf5309_0.tar.bz2#735f6ff8a5bd1ef0ca1d6b63dd8725e5
https://conda.anaconda.org/conda-forge/win-64/certifi-2021.5.30-py39hcbf5309_0.tar.bz2#e37ee72fac29e74fb7fe51c99629d666
https://conda.anaconda.org/conda-forge/win-64/cffi-1.14.6-py39h0878f49_0.tar.bz2#5fc91482efc4f12319f1b517b581d735
https://conda.anaconda.org/conda-forge/win-64/chardet-4.0.0-py39hcbf5309_1.tar.bz2#2c220000bcacdf633723cd56d0cb4cca
https://conda.anaconda.org/conda-forge/noarch/click-default-group-1.2.2-pyhd8ed1ab_1.tar.bz2#72a46ffc25701c173932fd55cf0965d3
https://conda.anaconda.org/conda-forge/win-64/cymem-2.0.5-py39h415ef7b_2.tar.bz2#817bdd0e977ca2aa136c3e4dd3e6b3e7
https://conda.anaconda.org/conda-forge/win-64/debugpy-1.4.1-py39h415ef7b_0.tar.bz2#36c8787c7f2d6e9d4ce7790101316a31
https://conda.anaconda.org/conda-forge/win-64/jedi-0.18.0-py39hcbf5309_2.tar.bz2#3fe801f843f884be4e2d7a6b01656f05
https://conda.anaconda.org/conda-forge/win-64/libcblas-3.9.0-11_win64_mkl.tar.bz2#bc6c5376b3773b8ecc394fc55f4fdcbf
https://conda.anaconda.org/conda-forge/win-64/liblapack-3.9.0-11_win64_mkl.tar.bz2#8390ac83b36ec47603142b4d03569e09
https://conda.anaconda.org/conda-forge/win-64/markupsafe-2.0.1-py39hb82d6ee_0.tar.bz2#e96597f1b745b9d1966b10cd8ed80fc7
https://conda.anaconda.org/conda-forge/win-64/multidict-5.1.0-py39hb82d6ee_1.tar.bz2#fccdff6b8af9ade16f6c9c351d1883f1
https://conda.anaconda.org/conda-forge/win-64/murmurhash-1.0.5-py39h415ef7b_0.tar.bz2#a2541818d044330fb6f03baef7c47c05
https://conda.anaconda.org/conda-forge/noarch/packaging-21.0-pyhd8ed1ab_0.tar.bz2#45cfb8e482b5cce8f07c87e0e19a592c
https://conda.anaconda.org/conda-forge/noarch/pyasn1-modules-0.2.7-py_0.tar.bz2#ad1e886d09700b2304975335f714bd9c
https://conda.anaconda.org/conda-forge/noarch/python-dateutil-2.8.2-pyhd8ed1ab_0.tar.bz2#dd999d1cc9f79e67dbb855c8924c7984
https://conda.anaconda.org/conda-forge/noarch/python-dotenv-0.19.0-pyhd8ed1ab_0.tar.bz2#ba00a6cc854b8d634c91bbc28c22dfb5
https://conda.anaconda.org/conda-forge/noarch/pyu2f-0.1.5-pyhd8ed1ab_0.tar.bz2#caabbeaa83928d0c3e3949261daa18eb
https://conda.anaconda.org/conda-forge/win-64/pywin32-301-py39hb82d6ee_0.tar.bz2#571edae43ee6497f18f05f7b9a8c1ecd
https://conda.anaconda.org/conda-forge/win-64/pyyaml-5.4.1-py39hb82d6ee_0.tar.bz2#c8d78d0cdf41a332900213bd2e0058fc
https://conda.anaconda.org/conda-forge/win-64/pyzmq-22.2.1-py39he46f08e_0.tar.bz2#8ccabf951d84a134fcf99d1ea8813f21
https://conda.anaconda.org/conda-forge/noarch/rsa-4.7.2-pyh44b312d_0.tar.bz2#3452ab3790dbb1df9508b3fa4ea2f806
https://conda.anaconda.org/conda-forge/win-64/tornado-6.1-py39hb82d6ee_1.tar.bz2#450d9630dd8efbdf387c80efb851ae31
https://conda.anaconda.org/conda-forge/noarch/tqdm-4.62.1-pyhd8ed1ab_0.tar.bz2#3f3c56178e558bb499f454274e125ee4
https://conda.anaconda.org/conda-forge/noarch/traitlets-5.0.5-py_0.tar.bz2#99618ee9ab1323e40f231acdab92fe60
https://conda.anaconda.org/conda-forge/noarch/typer-0.3.2-pyhd8ed1ab_0.tar.bz2#2a8bd95028ef27c7940c6c790b600e7e
https://conda.anaconda.org/conda-forge/noarch/typing-extensions-3.10.0.0-hd8ed1ab_0.tar.bz2#b71b8a980a36234ebbbd6b43da5807d0
https://conda.anaconda.org/conda-forge/win-64/win_inet_pton-1.1.0-py39hcbf5309_2.tar.bz2#10d4cf2796ef9d1a71f52056469ad587
https://conda.anaconda.org/conda-forge/win-64/wincertstore-0.2-py39hcbf5309_1006.tar.bz2#19046b323a499a293e68cf77ea12ae63
https://conda.anaconda.org/conda-forge/win-64/brotlipy-0.7.0-py39hb82d6ee_1001.tar.bz2#930034c89054b103eec4b9d821f8e196
https://conda.anaconda.org/conda-forge/win-64/cryptography-3.4.7-py39hd8d06c1_0.tar.bz2#fc998c5feff8c1d8c0779f003952eda3
https://conda.anaconda.org/conda-forge/noarch/jinja2-3.0.1-pyhd8ed1ab_0.tar.bz2#c647e77921fd3e245cdcc5b2d451a0f8
https://conda.anaconda.org/conda-forge/win-64/jupyter_core-4.7.1-py39hcbf5309_0.tar.bz2#1b2f4d216f73727efc1f688b9dd4f348
https://conda.anaconda.org/conda-forge/noarch/matplotlib-inline-0.1.2-pyhd8ed1ab_2.tar.bz2#0967e1db58b16e416464ca399f87df79
https://conda.anaconda.org/conda-forge/win-64/numpy-1.21.1-py39h6635163_0.tar.bz2#61d6a95333d95de32276904c407a0315
https://conda.anaconda.org/conda-forge/noarch/pathy-0.6.0-pyhd8ed1ab_0.tar.bz2#9aad6a762d899c12f35eadde668d2211
https://conda.anaconda.org/conda-forge/win-64/preshed-3.0.5-py39h415ef7b_1.tar.bz2#0f5f80906b43f7a67a40067df0f7eb86
https://conda.anaconda.org/conda-forge/win-64/pydantic-1.8.2-py39hb82d6ee_0.tar.bz2#8767f15e8809a0bb8575a9cb401e4e29
https://conda.anaconda.org/conda-forge/win-64/pysocks-1.7.1-py39hcbf5309_3.tar.bz2#76b07f5b989c96632eb7d6f2bd0c26aa
https://conda.anaconda.org/conda-forge/win-64/setuptools-49.6.0-py39hcbf5309_3.tar.bz2#135507b182371e6d0cd97c875b7e4913
https://conda.anaconda.org/conda-forge/win-64/srsly-2.4.1-py39h415ef7b_0.tar.bz2#54c2a5b75b622b114010391765d188db
https://conda.anaconda.org/conda-forge/win-64/yarl-1.6.3-py39hb82d6ee_2.tar.bz2#a36d479c39ee6f166a44d94ba8ea1c0b
https://conda.anaconda.org/conda-forge/win-64/aiohttp-3.7.4.post0-py39hb82d6ee_0.tar.bz2#792fee63b65cc713e3024fb64b320828
https://conda.anaconda.org/conda-forge/noarch/backports.functools_lru_cache-1.6.4-pyhd8ed1ab_0.tar.bz2#c5b3edc62d6309088f4970b3eaaa65a6
https://conda.anaconda.org/conda-forge/win-64/cython-blis-0.7.4-py39h5d4886f_0.tar.bz2#9ef1aa206810f0afba7618624b06550c
https://conda.anaconda.org/conda-forge/win-64/grpcio-1.38.1-py39hb76b349_0.tar.bz2#896de13ab85dec32ad6a2ec344da1a54
https://conda.anaconda.org/conda-forge/noarch/jupyter_client-6.1.12-pyhd8ed1ab_0.tar.bz2#f58b38ddb9f94fa3cafea4ba2b17f93b
https://conda.anaconda.org/conda-forge/win-64/pandas-1.3.1-py39h2e25243_0.tar.bz2#ef5888dc9a9f671c3cd1453b87b19cc4
https://conda.anaconda.org/conda-forge/noarch/pip-21.2.4-pyhd8ed1ab_0.tar.bz2#4104ada314dd5639ea36cc12bce0a2cd
https://conda.anaconda.org/conda-forge/win-64/protobuf-3.17.2-py39h415ef7b_0.tar.bz2#950ae10bafc96d8ea0173c2f2987063b
https://conda.anaconda.org/conda-forge/noarch/pygments-2.9.0-pyhd8ed1ab_0.tar.bz2#a2d9bba43c9b80a42b0ccb9afd7223c2
https://conda.anaconda.org/conda-forge/noarch/pyopenssl-20.0.1-pyhd8ed1ab_0.tar.bz2#92371c25994d0f5d28a01c1fb75ebf86
https://conda.anaconda.org/conda-forge/noarch/google-auth-1.34.0-pyh6c4a22f_0.tar.bz2#aa75213a08b4c8a02d1c2ff34d3c450e
https://conda.anaconda.org/conda-forge/win-64/googleapis-common-protos-1.53.0-py39h35db3c3_0.tar.bz2#330157b26f51a93dd2cb182d2c22fe51
https://conda.anaconda.org/conda-forge/win-64/thinc-8.0.8-py39hefe7e4c_0.tar.bz2#7f3eeef6557cd5b6457b3544684e175b
https://conda.anaconda.org/conda-forge/noarch/urllib3-1.26.6-pyhd8ed1ab_0.tar.bz2#dea5b6d93cfbfbc2a253168ad05b3f89
https://conda.anaconda.org/conda-forge/noarch/wcwidth-0.2.5-pyh9f0ad1d_2.tar.bz2#5266fcd697043c59621fda522b3d78ee
https://conda.anaconda.org/conda-forge/noarch/prompt-toolkit-3.0.19-pyha770c72_0.tar.bz2#d6db5e598611b7e81a3d38498174e6e8
https://conda.anaconda.org/conda-forge/noarch/requests-2.26.0-pyhd8ed1ab_0.tar.bz2#0ed2ccbde6db9dd5789068eb7194463f
https://conda.anaconda.org/conda-forge/noarch/ensureconda-1.4.1-pyhd8ed1ab_0.tar.bz2#52a7f7cc9076e2c8a25e15e19ad42821
https://conda.anaconda.org/conda-forge/noarch/google-api-core-1.31.1-pyhd8ed1ab_0.tar.bz2#e393ad7f7ceeaf3d21cf513394fc6e83
https://conda.anaconda.org/conda-forge/win-64/ipython-7.26.0-py39h832f523_0.tar.bz2#c0f124ed81bfd7a3022d4844dfd3012f
https://conda.anaconda.org/conda-forge/win-64/spacy-3.1.1-py39hefe7e4c_0.tar.bz2#2f260d85c8a2aaa5b10ca3e7d2a76c58
https://conda.anaconda.org/conda-forge/noarch/conda-lock-0.11.1-pyhd8ed1ab_0.tar.bz2#5588b5d7e5ed39305bb484ec12801aed
https://conda.anaconda.org/conda-forge/noarch/google-api-core-grpc-1.31.1-hd8ed1ab_0.tar.bz2#f3992b188de6c28680355a451e5aab3a
https://conda.anaconda.org/conda-forge/noarch/google-cloud-core-1.7.2-pyh6c4a22f_0.tar.bz2#97a1d5a5ad03a43f3441b532184dfdc5
https://conda.anaconda.org/conda-forge/win-64/ipykernel-6.1.0-py39h832f523_0.tar.bz2#afbd1bd70d7d09eaa22f8f225edf7c80
https://conda.anaconda.org/conda-forge/win-64/google-cloud-translate-2.0.1-py39h35db3c3_1.tar.bz2#15be343f20a39c55a9f468a55578aedc
